// !$*UTF8*$!
{
	archiveVersion = 1;
	classes = {
	};
	objectVersion = 77;
	objects = {

/* Begin PBXContainerItemProxy section */
		18DA47562D2DE22F00D6808A /* PBXContainerItemProxy */ = {
			isa = PBXContainerItemProxy;
			containerPortal = 18DA47372D2DE22D00D6808A /* Project object */;
			proxyType = 1;
			remoteGlobalIDString = 18DA473E2D2DE22D00D6808A;
			remoteInfo = ApplatchKidsLogin;
		};
		18DA47602D2DE23000D6808A /* PBXContainerItemProxy */ = {
			isa = PBXContainerItemProxy;
			containerPortal = 18DA47372D2DE22D00D6808A /* Project object */;
			proxyType = 1;
			remoteGlobalIDString = 18DA473E2D2DE22D00D6808A;
			remoteInfo = ApplatchKidsLogin;
		};
/* End PBXContainerItemProxy section */

/* Begin PBXFileReference section */
		18DA473F2D2DE22D00D6808A /* ApplatchKidsLogin.app */ = {isa = PBXFileReference; explicitFileType = wrapper.application; includeInIndex = 0; path = ApplatchKidsLogin.app; sourceTree = BUILT_PRODUCTS_DIR; };
		18DA47552D2DE22F00D6808A /* ApplatchKidsLoginTests.xctest */ = {isa = PBXFileReference; explicitFileType = wrapper.cfbundle; includeInIndex = 0; path = ApplatchKidsLoginTests.xctest; sourceTree = BUILT_PRODUCTS_DIR; };
		18DA475F2D2DE23000D6808A /* ApplatchKidsLoginUITests.xctest */ = {isa = PBXFileReference; explicitFileType = wrapper.cfbundle; includeInIndex = 0; path = ApplatchKidsLoginUITests.xctest; sourceTree = BUILT_PRODUCTS_DIR; };
/* End PBXFileReference section */

/* Begin PBXFileSystemSynchronizedBuildFileExceptionSet section */
		18DA47672D2DE23000D6808A /* Exceptions for "ApplatchKidsLogin" folder in "ApplatchKidsLogin" target */ = {
			isa = PBXFileSystemSynchronizedBuildFileExceptionSet;
			membershipExceptions = (
				Info.plist,
			);
			target = 18DA473E2D2DE22D00D6808A /* ApplatchKidsLogin */;
		};
/* End PBXFileSystemSynchronizedBuildFileExceptionSet section */

/* Begin PBXFileSystemSynchronizedRootGroup section */
		18DA47412D2DE22D00D6808A /* ApplatchKidsLogin */ = {
			isa = PBXFileSystemSynchronizedRootGroup;
			exceptions = (
				18DA47672D2DE23000D6808A /* Exceptions for "ApplatchKidsLogin" folder in "ApplatchKidsLogin" target */,
			);
			path = ApplatchKidsLogin;
			sourceTree = "<group>";
		};
		18DA47582D2DE22F00D6808A /* ApplatchKidsLoginTests */ = {
			isa = PBXFileSystemSynchronizedRootGroup;
			path = ApplatchKidsLoginTests;
			sourceTree = "<group>";
		};
		18DA47622D2DE23000D6808A /* ApplatchKidsLoginUITests */ = {
			isa = PBXFileSystemSynchronizedRootGroup;
			path = ApplatchKidsLoginUITests;
			sourceTree = "<group>";
		};
/* End PBXFileSystemSynchronizedRootGroup section */

/* Begin PBXFrameworksBuildPhase section */
		18DA473C2D2DE22D00D6808A /* Frameworks */ = {
			isa = PBXFrameworksBuildPhase;
			buildActionMask = 2147483647;
			files = (
			);
			runOnlyForDeploymentPostprocessing = 0;
		};
		18DA47522D2DE22F00D6808A /* Frameworks */ = {
			isa = PBXFrameworksBuildPhase;
			buildActionMask = 2147483647;
			files = (
			);
			runOnlyForDeploymentPostprocessing = 0;
		};
		18DA475C2D2DE23000D6808A /* Frameworks */ = {
			isa = PBXFrameworksBuildPhase;
			buildActionMask = 2147483647;
			files = (
			);
			runOnlyForDeploymentPostprocessing = 0;
		};
/* End PBXFrameworksBuildPhase section */

/* Begin PBXGroup section */
		18DA47362D2DE22D00D6808A = {
			isa = PBXGroup;
			children = (
				18DA47412D2DE22D00D6808A /* ApplatchKidsLogin */,
				18DA47582D2DE22F00D6808A /* ApplatchKidsLoginTests */,
				18DA47622D2DE23000D6808A /* ApplatchKidsLoginUITests */,
				18DA47402D2DE22D00D6808A /* Products */,
			);
			sourceTree = "<group>";
		};
		18DA47402D2DE22D00D6808A /* Products */ = {
			isa = PBXGroup;
			children = (
				18DA473F2D2DE22D00D6808A /* ApplatchKidsLogin.app */,
				18DA47552D2DE22F00D6808A /* ApplatchKidsLoginTests.xctest */,
				18DA475F2D2DE23000D6808A /* ApplatchKidsLoginUITests.xctest */,
			);
			name = Products;
			sourceTree = "<group>";
		};
/* End PBXGroup section */

/* Begin PBXNativeTarget section */
		18DA473E2D2DE22D00D6808A /* ApplatchKidsLogin */ = {
			isa = PBXNativeTarget;
			buildConfigurationList = 18DA47682D2DE23000D6808A /* Build configuration list for PBXNativeTarget "ApplatchKidsLogin" */;
			buildPhases = (
				18DA473B2D2DE22D00D6808A /* Sources */,
				18DA473C2D2DE22D00D6808A /* Frameworks */,
				18DA473D2D2DE22D00D6808A /* Resources */,
			);
			buildRules = (
			);
			dependencies = (
			);
			fileSystemSynchronizedGroups = (
				18DA47412D2DE22D00D6808A /* ApplatchKidsLogin */,
			);
			name = ApplatchKidsLogin;
			packageProductDependencies = (
			);
			productName = ApplatchKidsLogin;
			productReference = 18DA473F2D2DE22D00D6808A /* ApplatchKidsLogin.app */;
			productType = "com.apple.product-type.application";
		};
		18DA47542D2DE22F00D6808A /* ApplatchKidsLoginTests */ = {
			isa = PBXNativeTarget;
			buildConfigurationList = 18DA476D2D2DE23000D6808A /* Build configuration list for PBXNativeTarget "ApplatchKidsLoginTests" */;
			buildPhases = (
				18DA47512D2DE22F00D6808A /* Sources */,
				18DA47522D2DE22F00D6808A /* Frameworks */,
				18DA47532D2DE22F00D6808A /* Resources */,
			);
			buildRules = (
			);
			dependencies = (
				18DA47572D2DE22F00D6808A /* PBXTargetDependency */,
			);
			fileSystemSynchronizedGroups = (
				18DA47582D2DE22F00D6808A /* ApplatchKidsLoginTests */,
			);
			name = ApplatchKidsLoginTests;
			packageProductDependencies = (
			);
			productName = ApplatchKidsLoginTests;
			productReference = 18DA47552D2DE22F00D6808A /* ApplatchKidsLoginTests.xctest */;
			productType = "com.apple.product-type.bundle.unit-test";
		};
		18DA475E2D2DE23000D6808A /* ApplatchKidsLoginUITests */ = {
			isa = PBXNativeTarget;
			buildConfigurationList = 18DA47702D2DE23000D6808A /* Build configuration list for PBXNativeTarget "ApplatchKidsLoginUITests" */;
			buildPhases = (
				18DA475B2D2DE23000D6808A /* Sources */,
				18DA475C2D2DE23000D6808A /* Frameworks */,
				18DA475D2D2DE23000D6808A /* Resources */,
			);
			buildRules = (
			);
			dependencies = (
				18DA47612D2DE23000D6808A /* PBXTargetDependency */,
			);
			fileSystemSynchronizedGroups = (
				18DA47622D2DE23000D6808A /* ApplatchKidsLoginUITests */,
			);
			name = ApplatchKidsLoginUITests;
			packageProductDependencies = (
			);
			productName = ApplatchKidsLoginUITests;
			productReference = 18DA475F2D2DE23000D6808A /* ApplatchKidsLoginUITests.xctest */;
			productType = "com.apple.product-type.bundle.ui-testing";
		};
/* End PBXNativeTarget section */

/* Begin PBXProject section */
		18DA47372D2DE22D00D6808A /* Project object */ = {
			isa = PBXProject;
			attributes = {
				BuildIndependentTargetsInParallel = 1;
				LastSwiftUpdateCheck = 1620;
				LastUpgradeCheck = 1620;
				TargetAttributes = {
					18DA473E2D2DE22D00D6808A = {
						CreatedOnToolsVersion = 16.2;
					};
					18DA47542D2DE22F00D6808A = {
						CreatedOnToolsVersion = 16.2;
						TestTargetID = 18DA473E2D2DE22D00D6808A;
					};
					18DA475E2D2DE23000D6808A = {
						CreatedOnToolsVersion = 16.2;
						TestTargetID = 18DA473E2D2DE22D00D6808A;
					};
				};
			};
			buildConfigurationList = 18DA473A2D2DE22D00D6808A /* Build configuration list for PBXProject "ApplatchKidsLogin" */;
			developmentRegion = en;
			hasScannedForEncodings = 0;
			knownRegions = (
				en,
				Base,
			);
			mainGroup = 18DA47362D2DE22D00D6808A;
			minimizedProjectReferenceProxies = 1;
			preferredProjectObjectVersion = 77;
			productRefGroup = 18DA47402D2DE22D00D6808A /* Products */;
			projectDirPath = "";
			projectRoot = "";
			targets = (
				18DA473E2D2DE22D00D6808A /* ApplatchKidsLogin */,
				18DA47542D2DE22F00D6808A /* ApplatchKidsLoginTests */,
				18DA475E2D2DE23000D6808A /* ApplatchKidsLoginUITests */,
			);
		};
/* End PBXProject section */

/* Begin PBXResourcesBuildPhase section */
		18DA473D2D2DE22D00D6808A /* Resources */ = {
			isa = PBXResourcesBuildPhase;
			buildActionMask = 2147483647;
			files = (
			);
			runOnlyForDeploymentPostprocessing = 0;
		};
		18DA47532D2DE22F00D6808A /* Resources */ = {
			isa = PBXResourcesBuildPhase;
			buildActionMask = 2147483647;
			files = (
			);
			runOnlyForDeploymentPostprocessing = 0;
		};
		18DA475D2D2DE23000D6808A /* Resources */ = {
			isa = PBXResourcesBuildPhase;
			buildActionMask = 2147483647;
			files = (
			);
			runOnlyForDeploymentPostprocessing = 0;
		};
/* End PBXResourcesBuildPhase section */

/* Begin PBXSourcesBuildPhase section */
		18DA473B2D2DE22D00D6808A /* Sources */ = {
			isa = PBXSourcesBuildPhase;
			buildActionMask = 2147483647;
			files = (
			);
			runOnlyForDeploymentPostprocessing = 0;
		};
		18DA47512D2DE22F00D6808A /* Sources */ = {
			isa = PBXSourcesBuildPhase;
			buildActionMask = 2147483647;
			files = (
			);
			runOnlyForDeploymentPostprocessing = 0;
		};
		18DA475B2D2DE23000D6808A /* Sources */ = {
			isa = PBXSourcesBuildPhase;
			buildActionMask = 2147483647;
			files = (
			);
			runOnlyForDeploymentPostprocessing = 0;
		};
/* End PBXSourcesBuildPhase section */

/* Begin PBXTargetDependency section */
		18DA47572D2DE22F00D6808A /* PBXTargetDependency */ = {
			isa = PBXTargetDependency;
			target = 18DA473E2D2DE22D00D6808A /* ApplatchKidsLogin */;
			targetProxy = 18DA47562D2DE22F00D6808A /* PBXContainerItemProxy */;
		};
		18DA47612D2DE23000D6808A /* PBXTargetDependency */ = {
			isa = PBXTargetDependency;
			target = 18DA473E2D2DE22D00D6808A /* ApplatchKidsLogin */;
			targetProxy = 18DA47602D2DE23000D6808A /* PBXContainerItemProxy */;
		};
/* End PBXTargetDependency section */

/* Begin XCBuildConfiguration section */
		18DA47692D2DE23000D6808A /* Debug */ = {
			isa = XCBuildConfiguration;
			buildSettings = {
				ASSETCATALOG_COMPILER_APPICON_NAME = AppIcon;
				ASSETCATALOG_COMPILER_GLOBAL_ACCENT_COLOR_NAME = AccentColor;
				CODE_SIGN_STYLE = Automatic;
				CURRENT_PROJECT_VERSION = 1;
				GENERATE_INFOPLIST_FILE = YES;
				INFOPLIST_FILE = ApplatchKidsLogin/Info.plist;
				INFOPLIST_KEY_UIApplicationSupportsIndirectInputEvents = YES;
				INFOPLIST_KEY_UILaunchStoryboardName = LaunchScreen;
				INFOPLIST_KEY_UIMainStoryboardFile = Main;
				INFOPLIST_KEY_UISupportedInterfaceOrientations_iPad = "UIInterfaceOrientationPortrait UIInterfaceOrientationPortraitUpsideDown UIInterfaceOrientationLandscapeLeft UIInterfaceOrientationLandscapeRight";
				INFOPLIST_KEY_UISupportedInterfaceOrientations_iPhone = "UIInterfaceOrientationPortrait UIInterfaceOrientationLandscapeLeft UIInterfaceOrientationLandscapeRight";
				LD_RUNPATH_SEARCH_PATHS = (
					"$(inherited)",
					"@executable_path/Frameworks",
				);
				MARKETING_VERSION = 1.0;
				PRODUCT_BUNDLE_IDENTIFIER = com.ben.ApplatchKidsLogin;
				PRODUCT_NAME = "$(TARGET_NAME)";
				SWIFT_EMIT_LOC_STRINGS = YES;
				SWIFT_VERSION = 5.0;
				TARGETED_DEVICE_FAMILY = "1,2";
			};
			name = Debug;
		};
		18DA476A2D2DE23000D6808A /* Release */ = {
			isa = XCBuildConfiguration;
			buildSettings = {
				ASSETCATALOG_COMPILER_APPICON_NAME = AppIcon;
				ASSETCATALOG_COMPILER_GLOBAL_ACCENT_COLOR_NAME = AccentColor;
				CODE_SIGN_STYLE = Automatic;
				CURRENT_PROJECT_VERSION = 1;
				GENERATE_INFOPLIST_FILE = YES;
				INFOPLIST_FILE = ApplatchKidsLogin/Info.plist;
				INFOPLIST_KEY_UIApplicationSupportsIndirectInputEvents = YES;
				INFOPLIST_KEY_UILaunchStoryboardName = LaunchScreen;
				INFOPLIST_KEY_UIMainStoryboardFile = Main;
				INFOPLIST_KEY_UISupportedInterfaceOrientations_iPad = "UIInterfaceOrientationPortrait UIInterfaceOrientationPortraitUpsideDown UIInterfaceOrientationLandscapeLeft UIInterfaceOrientationLandscapeRight";
				INFOPLIST_KEY_UISupportedInterfaceOrientations_iPhone = "UIInterfaceOrientationPortrait UIInterfaceOrientationLandscapeLeft UIInterfaceOrientationLandscapeRight";
				LD_RUNPATH_SEARCH_PATHS = (
					"$(inherited)",
					"@executable_path/Frameworks",
				);
				MARKETING_VERSION = 1.0;
				PRODUCT_BUNDLE_IDENTIFIER = com.ben.ApplatchKidsLogin;
				PRODUCT_NAME = "$(TARGET_NAME)";
				SWIFT_EMIT_LOC_STRINGS = YES;
				SWIFT_VERSION = 5.0;
				TARGETED_DEVICE_FAMILY = "1,2";
			};
			name = Release;
		};
		18DA476B2D2DE23000D6808A /* Debug */ = {
			isa = XCBuildConfiguration;
			buildSettings = {
				ALWAYS_SEARCH_USER_PATHS = NO;
				ASSETCATALOG_COMPILER_GENERATE_SWIFT_ASSET_SYMBOL_EXTENSIONS = YES;
				CLANG_ANALYZER_NONNULL = YES;
				CLANG_ANALYZER_NUMBER_OBJECT_CONVERSION = YES_AGGRESSIVE;
				CLANG_CXX_LANGUAGE_STANDARD = "gnu++20";
				CLANG_ENABLE_MODULES = YES;
				CLANG_ENABLE_OBJC_ARC = YES;
				CLANG_ENABLE_OBJC_WEAK = YES;
				CLANG_WARN_BLOCK_CAPTURE_AUTORELEASING = YES;
				CLANG_WARN_BOOL_CONVERSION = YES;
				CLANG_WARN_COMMA = YES;
				CLANG_WARN_CONSTANT_CONVERSION = YES;
				CLANG_WARN_DEPRECATED_OBJC_IMPLEMENTATIONS = YES;
				CLANG_WARN_DIRECT_OBJC_ISA_USAGE = YES_ERROR;
				CLANG_WARN_DOCUMENTATION_COMMENTS = YES;
				CLANG_WARN_EMPTY_BODY = YES;
				CLANG_WARN_ENUM_CONVERSION = YES;
				CLANG_WARN_INFINITE_RECURSION = YES;
				CLANG_WARN_INT_CONVERSION = YES;
				CLANG_WARN_NON_LITERAL_NULL_CONVERSION = YES;
				CLANG_WARN_OBJC_IMPLICIT_RETAIN_SELF = YES;
				CLANG_WARN_OBJC_LITERAL_CONVERSION = YES;
				CLANG_WARN_OBJC_ROOT_CLASS = YES_ERROR;
				CLANG_WARN_QUOTED_INCLUDE_IN_FRAMEWORK_HEADER = YES;
				CLANG_WARN_RANGE_LOOP_ANALYSIS = YES;
				CLANG_WARN_STRICT_PROTOTYPES = YES;
				CLANG_WARN_SUSPICIOUS_MOVE = YES;
				CLANG_WARN_UNGUARDED_AVAILABILITY = YES_AGGRESSIVE;
				CLANG_WARN_UNREACHABLE_CODE = YES;
				CLANG_WARN__DUPLICATE_METHOD_MATCH = YES;
				COPY_PHASE_STRIP = NO;
				DEBUG_INFORMATION_FORMAT = dwarf;
				ENABLE_STRICT_OBJC_MSGSEND = YES;
				ENABLE_TESTABILITY = YES;
				ENABLE_USER_SCRIPT_SANDBOXING = YES;
				GCC_C_LANGUAGE_STANDARD = gnu17;
				GCC_DYNAMIC_NO_PIC = NO;
				GCC_NO_COMMON_BLOCKS = YES;
				GCC_OPTIMIZATION_LEVEL = 0;
				GCC_PREPROCESSOR_DEFINITIONS = (
					"DEBUG=1",
					"$(inherited)",
				);
				GCC_WARN_64_TO_32_BIT_CONVERSION = YES;
				GCC_WARN_ABOUT_RETURN_TYPE = YES_ERROR;
				GCC_WARN_UNDECLARED_SELECTOR = YES;
				GCC_WARN_UNINITIALIZED_AUTOS = YES_AGGRESSIVE;
				GCC_WARN_UNUSED_FUNCTION = YES;
				GCC_WARN_UNUSED_VARIABLE = YES;
				IPHONEOS_DEPLOYMENT_TARGET = 18.2;
				LOCALIZATION_PREFERS_STRING_CATALOGS = YES;
				MTL_ENABLE_DEBUG_INFO = INCLUDE_SOURCE;
				MTL_FAST_MATH = YES;
				ONLY_ACTIVE_ARCH = YES;
				SDKROOT = iphoneos;
				SWIFT_ACTIVE_COMPILATION_CONDITIONS = "DEBUG $(inherited)";
				SWIFT_OPTIMIZATION_LEVEL = "-Onone";
			};
			name = Debug;
		};
		18DA476C2D2DE23000D6808A /* Release */ = {
			isa = XCBuildConfiguration;
			buildSettings = {
				ALWAYS_SEARCH_USER_PATHS = NO;
				ASSETCATALOG_COMPILER_GENERATE_SWIFT_ASSET_SYMBOL_EXTENSIONS = YES;
				CLANG_ANALYZER_NONNULL = YES;
				CLANG_ANALYZER_NUMBER_OBJECT_CONVERSION = YES_AGGRESSIVE;
				CLANG_CXX_LANGUAGE_STANDARD = "gnu++20";
				CLANG_ENABLE_MODULES = YES;
				CLANG_ENABLE_OBJC_ARC = YES;
				CLANG_ENABLE_OBJC_WEAK = YES;
				CLANG_WARN_BLOCK_CAPTURE_AUTORELEASING = YES;
				CLANG_WARN_BOOL_CONVERSION = YES;
				CLANG_WARN_COMMA = YES;
				CLANG_WARN_CONSTANT_CONVERSION = YES;
				CLANG_WARN_DEPRECATED_OBJC_IMPLEMENTATIONS = YES;
				CLANG_WARN_DIRECT_OBJC_ISA_USAGE = YES_ERROR;
				CLANG_WARN_DOCUMENTATION_COMMENTS = YES;
				CLANG_WARN_EMPTY_BODY = YES;
				CLANG_WARN_ENUM_CONVERSION = YES;
				CLANG_WARN_INFINITE_RECURSION = YES;
				CLANG_WARN_INT_CONVERSION = YES;
				CLANG_WARN_NON_LITERAL_NULL_CONVERSION = YES;
				CLANG_WARN_OBJC_IMPLICIT_RETAIN_SELF = YES;
				CLANG_WARN_OBJC_LITERAL_CONVERSION = YES;
				CLANG_WARN_OBJC_ROOT_CLASS = YES_ERROR;
				CLANG_WARN_QUOTED_INCLUDE_IN_FRAMEWORK_HEADER = YES;
				CLANG_WARN_RANGE_LOOP_ANALYSIS = YES;
				CLANG_WARN_STRICT_PROTOTYPES = YES;
				CLANG_WARN_SUSPICIOUS_MOVE = YES;
				CLANG_WARN_UNGUARDED_AVAILABILITY = YES_AGGRESSIVE;
				CLANG_WARN_UNREACHABLE_CODE = YES;
				CLANG_WARN__DUPLICATE_METHOD_MATCH = YES;
				COPY_PHASE_STRIP = NO;
				DEBUG_INFORMATION_FORMAT = "dwarf-with-dsym";
				ENABLE_NS_ASSERTIONS = NO;
				ENABLE_STRICT_OBJC_MSGSEND = YES;
				ENABLE_USER_SCRIPT_SANDBOXING = YES;
				GCC_C_LANGUAGE_STANDARD = gnu17;
				GCC_NO_COMMON_BLOCKS = YES;
				GCC_WARN_64_TO_32_BIT_CONVERSION = YES;
				GCC_WARN_ABOUT_RETURN_TYPE = YES_ERROR;
				GCC_WARN_UNDECLARED_SELECTOR = YES;
				GCC_WARN_UNINITIALIZED_AUTOS = YES_AGGRESSIVE;
				GCC_WARN_UNUSED_FUNCTION = YES;
				GCC_WARN_UNUSED_VARIABLE = YES;
				IPHONEOS_DEPLOYMENT_TARGET = 18.2;
				LOCALIZATION_PREFERS_STRING_CATALOGS = YES;
				MTL_ENABLE_DEBUG_INFO = NO;
				MTL_FAST_MATH = YES;
				SDKROOT = iphoneos;
				SWIFT_COMPILATION_MODE = wholemodule;
				VALIDATE_PRODUCT = YES;
			};
			name = Release;
		};
		18DA476E2D2DE23000D6808A /* Debug */ = {
			isa = XCBuildConfiguration;
			buildSettings = {
				BUNDLE_LOADER = "$(TEST_HOST)";
				CODE_SIGN_STYLE = Automatic;
				CURRENT_PROJECT_VERSION = 1;
				GENERATE_INFOPLIST_FILE = YES;
				IPHONEOS_DEPLOYMENT_TARGET = 18.2;
				MARKETING_VERSION = 1.0;
				PRODUCT_BUNDLE_IDENTIFIER = com.ben.ApplatchKidsLoginTests;
				PRODUCT_NAME = "$(TARGET_NAME)";
				SWIFT_EMIT_LOC_STRINGS = NO;
				SWIFT_VERSION = 5.0;
				TARGETED_DEVICE_FAMILY = "1,2";
				TEST_HOST = "$(BUILT_PRODUCTS_DIR)/ApplatchKidsLogin.app/$(BUNDLE_EXECUTABLE_FOLDER_PATH)/ApplatchKidsLogin";
			};
			name = Debug;
		};
		18DA476F2D2DE23000D6808A /* Release */ = {
			isa = XCBuildConfiguration;
			buildSettings = {
				BUNDLE_LOADER = "$(TEST_HOST)";
				CODE_SIGN_STYLE = Automatic;
				CURRENT_PROJECT_VERSION = 1;
				GENERATE_INFOPLIST_FILE = YES;
				IPHONEOS_DEPLOYMENT_TARGET = 18.2;
				MARKETING_VERSION = 1.0;
				PRODUCT_BUNDLE_IDENTIFIER = com.ben.ApplatchKidsLoginTests;
				PRODUCT_NAME = "$(TARGET_NAME)";
				SWIFT_EMIT_LOC_STRINGS = NO;
				SWIFT_VERSION = 5.0;
				TARGETED_DEVICE_FAMILY = "1,2";
				TEST_HOST = "$(BUILT_PRODUCTS_DIR)/ApplatchKidsLogin.app/$(BUNDLE_EXECUTABLE_FOLDER_PATH)/ApplatchKidsLogin";
			};
			name = Release;
		};
		18DA47712D2DE23000D6808A /* Debug */ = {
			isa = XCBuildConfiguration;
			buildSettings = {
				CODE_SIGN_STYLE = Automatic;
				CURRENT_PROJECT_VERSION = 1;
				GENERATE_INFOPLIST_FILE = YES;
				MARKETING_VERSION = 1.0;
				PRODUCT_BUNDLE_IDENTIFIER = com.ben.ApplatchKidsLoginUITests;
				PRODUCT_NAME = "$(TARGET_NAME)";
				SWIFT_EMIT_LOC_STRINGS = NO;
				SWIFT_VERSION = 5.0;
				TARGETED_DEVICE_FAMILY = "1,2";
				TEST_TARGET_NAME = ApplatchKidsLogin;
			};
			name = Debug;
		};
		18DA47722D2DE23000D6808A /* Release */ = {
			isa = XCBuildConfiguration;
			buildSettings = {
				CODE_SIGN_STYLE = Automatic;
				CURRENT_PROJECT_VERSION = 1;
				GENERATE_INFOPLIST_FILE = YES;
				MARKETING_VERSION = 1.0;
				PRODUCT_BUNDLE_IDENTIFIER = com.ben.ApplatchKidsLoginUITests;
				PRODUCT_NAME = "$(TARGET_NAME)";
				SWIFT_EMIT_LOC_STRINGS = NO;
				SWIFT_VERSION = 5.0;
				TARGETED_DEVICE_FAMILY = "1,2";
				TEST_TARGET_NAME = ApplatchKidsLogin;
			};
			name = Release;
		};
/* End XCBuildConfiguration section */

/* Begin XCConfigurationList section */
		18DA473A2D2DE22D00D6808A /* Build configuration list for PBXProject "ApplatchKidsLogin" */ = {
			isa = XCConfigurationList;
			buildConfigurations = (
				18DA476B2D2DE23000D6808A /* Debug */,
				18DA476C2D2DE23000D6808A /* Release */,
			);
			defaultConfigurationIsVisible = 0;
			defaultConfigurationName = Release;
		};
		18DA47682D2DE23000D6808A /* Build configuration list for PBXNativeTarget "ApplatchKidsLogin" */ = {
			isa = XCConfigurationList;
			buildConfigurations = (
				18DA47692D2DE23000D6808A /* Debug */,
				18DA476A2D2DE23000D6808A /* Release */,
			);
			defaultConfigurationIsVisible = 0;
			defaultConfigurationName = Release;
		};
		18DA476D2D2DE23000D6808A /* Build configuration list for PBXNativeTarget "ApplatchKidsLoginTests" */ = {
			isa = XCConfigurationList;
			buildConfigurations = (
				18DA476E2D2DE23000D6808A /* Debug */,
				18DA476F2D2DE23000D6808A /* Release */,
			);
			defaultConfigurationIsVisible = 0;
			defaultConfigurationName = Release;
		};
		18DA47702D2DE23000D6808A /* Build configuration list for PBXNativeTarget "ApplatchKidsLoginUITests" */ = {
			isa = XCConfigurationList;
			buildConfigurations = (
				18DA47712D2DE23000D6808A /* Debug */,
				18DA47722D2DE23000D6808A /* Release */,
			);
			defaultConfigurationIsVisible = 0;
			defaultConfigurationName = Release;
		};
/* End XCConfigurationList section */
	};
	rootObject = 18DA47372D2DE22D00D6808A /* Project object */;
}
